
Microsoft Visual Studio Solution File, Format Version 12.00
# Visual Studio Version 17
VisualStudioVersion = 17.11.35312.102
MinimumVisualStudioVersion = 10.0.40219.1
Project("{FAE04EC0-301F-11D3-BF4B-00C04F79EFBC}") = "Ejercicio5", "Ejercicio5\Ejercicio5.csproj", "{FFC6C0C9-EFDA-4A27-AA61-4EC431C7A309}"
EndProject
Global
	GlobalSection(SolutionConfigurationPlatforms) = preSolution
		Debug|Any CPU = Debug|Any CPU
		Release|Any CPU = Release|Any CPU
	EndGlobalSection
	GlobalSection(ProjectConfigurationPlatforms) = postSolution
		{FFC6C0C9-EFDA-4A27-AA61-4EC431C7A309}.Debug|Any CPU.ActiveCfg = Debug|Any CPU
		{FFC6C0C9-EFDA-4A27-AA61-4EC431C7A309}.Debug|Any CPU.Build.0 = Debug|Any CPU
		{FFC6C0C9-EFDA-4A27-AA61-4EC431C7A309}.Release|Any CPU.ActiveCfg = Release|Any CPU
		{FFC6C0C9-EFDA-4A27-AA61-4EC431C7A309}.Release|Any CPU.Build.0 = Release|Any CPU
	EndGlobalSection
	GlobalSection(SolutionProperties) = preSolution
		HideSolutionNode = FALSE
	EndGlobalSection
	GlobalSection(ExtensibilityGlobals) = postSolution
		SolutionGuid = {A32F2F21-AB1B-4660-B4FD-EB67749746B2}
	EndGlobalSection
EndGlobal
