
Microsoft Visual Studio Solution File, Format Version 12.00
# Visual Studio Version 17
VisualStudioVersion = 17.11.35312.102
MinimumVisualStudioVersion = 10.0.40219.1
Project("{FAE04EC0-301F-11D3-BF4B-00C04F79EFBC}") = "Herencia", "Herencia\Herencia.csproj", "{574B3DE6-CBED-4D69-B991-600527F96A1F}"
EndProject
Global
	GlobalSection(SolutionConfigurationPlatforms) = preSolution
		Debug|Any CPU = Debug|Any CPU
		Release|Any CPU = Release|Any CPU
	EndGlobalSection
	GlobalSection(ProjectConfigurationPlatforms) = postSolution
		{574B3DE6-CBED-4D69-B991-600527F96A1F}.Debug|Any CPU.ActiveCfg = Debug|Any CPU
		{574B3DE6-CBED-4D69-B991-600527F96A1F}.Debug|Any CPU.Build.0 = Debug|Any CPU
		{574B3DE6-CBED-4D69-B991-600527F96A1F}.Release|Any CPU.ActiveCfg = Release|Any CPU
		{574B3DE6-CBED-4D69-B991-600527F96A1F}.Release|Any CPU.Build.0 = Release|Any CPU
	EndGlobalSection
	GlobalSection(SolutionProperties) = preSolution
		HideSolutionNode = FALSE
	EndGlobalSection
	GlobalSection(ExtensibilityGlobals) = postSolution
		SolutionGuid = {CE609B0F-6F0E-4167-9FA4-ED24595024C5}
	EndGlobalSection
EndGlobal
